
Microsoft Visual Studio Solution File, Format Version 12.00
# Visual Studio Version 17
VisualStudioVersion = 17.11.35312.102
MinimumVisualStudioVersion = 10.0.40219.1
Project("{9A19103F-16F7-4668-BE54-9A1E7A4F7556}") = "TubesKonturksi", "TubesKonturksi\TubesKonturksi.csproj", "{8C5177FE-A1C1-41C6-848F-671A9C30FF27}"
EndProject
Project("{FAE04EC0-301F-11D3-BF4B-00C04F79EFBC}") = "FileHandlerLibraries", "FileHandler\FileHandlerLibraries.csproj", "{73D2948A-A3F0-FF6B-5BB1-F3C4DCC517D4}"
EndProject
Project("{FAE04EC0-301F-11D3-BF4B-00C04F79EFBC}") = "Models", "Models\Models.csproj", "{262C6A48-AE34-D77E-44A9-AF0CD30983F0}"
EndProject
Global
	GlobalSection(SolutionConfigurationPlatforms) = preSolution
		Debug|Any CPU = Debug|Any CPU
		Release|Any CPU = Release|Any CPU
	EndGlobalSection
	GlobalSection(ProjectConfigurationPlatforms) = postSolution
		{8C5177FE-A1C1-41C6-848F-671A9C30FF27}.Debug|Any CPU.ActiveCfg = Debug|Any CPU
		{8C5177FE-A1C1-41C6-848F-671A9C30FF27}.Debug|Any CPU.Build.0 = Debug|Any CPU
		{8C5177FE-A1C1-41C6-848F-671A9C30FF27}.Release|Any CPU.ActiveCfg = Release|Any CPU
		{8C5177FE-A1C1-41C6-848F-671A9C30FF27}.Release|Any CPU.Build.0 = Release|Any CPU
		{73D2948A-A3F0-FF6B-5BB1-F3C4DCC517D4}.Debug|Any CPU.ActiveCfg = Debug|Any CPU
		{73D2948A-A3F0-FF6B-5BB1-F3C4DCC517D4}.Debug|Any CPU.Build.0 = Debug|Any CPU
		{73D2948A-A3F0-FF6B-5BB1-F3C4DCC517D4}.Release|Any CPU.ActiveCfg = Release|Any CPU
		{73D2948A-A3F0-FF6B-5BB1-F3C4DCC517D4}.Release|Any CPU.Build.0 = Release|Any CPU
		{262C6A48-AE34-D77E-44A9-AF0CD30983F0}.Debug|Any CPU.ActiveCfg = Debug|Any CPU
		{262C6A48-AE34-D77E-44A9-AF0CD30983F0}.Debug|Any CPU.Build.0 = Debug|Any CPU
		{262C6A48-AE34-D77E-44A9-AF0CD30983F0}.Release|Any CPU.ActiveCfg = Release|Any CPU
		{262C6A48-AE34-D77E-44A9-AF0CD30983F0}.Release|Any CPU.Build.0 = Release|Any CPU
	EndGlobalSection
	GlobalSection(SolutionProperties) = preSolution
		HideSolutionNode = FALSE
	EndGlobalSection
	GlobalSection(ExtensibilityGlobals) = postSolution
		SolutionGuid = {1456015D-6C83-4889-8583-EFD53A35BBF6}
	EndGlobalSection
EndGlobal
