
Microsoft Visual Studio Solution File, Format Version 12.00
# Visual Studio Version 17
VisualStudioVersion = 17.11.35312.102
MinimumVisualStudioVersion = 10.0.40219.1
Project("{9A19103F-16F7-4668-BE54-9A1E7A4F7556}") = "TubesKonturksi", "TubesKonturksi\TubesKonturksi.csproj", "{8C5177FE-A1C1-41C6-848F-671A9C30FF27}"
EndProject
Project("{FAE04EC0-301F-11D3-BF4B-00C04F79EFBC}") = "Testing", "TestTambahTugas\Testing.csproj", "{56204B37-D6B0-42F7-B5D1-25748F78816F}"
EndProject
Global
	GlobalSection(SolutionConfigurationPlatforms) = preSolution
		Debug|Any CPU = Debug|Any CPU
		Release|Any CPU = Release|Any CPU
	EndGlobalSection
	GlobalSection(ProjectConfigurationPlatforms) = postSolution
		{8C5177FE-A1C1-41C6-848F-671A9C30FF27}.Debug|Any CPU.ActiveCfg = Debug|Any CPU
		{8C5177FE-A1C1-41C6-848F-671A9C30FF27}.Debug|Any CPU.Build.0 = Debug|Any CPU
		{8C5177FE-A1C1-41C6-848F-671A9C30FF27}.Release|Any CPU.ActiveCfg = Release|Any CPU
		{8C5177FE-A1C1-41C6-848F-671A9C30FF27}.Release|Any CPU.Build.0 = Release|Any CPU
		{56204B37-D6B0-42F7-B5D1-25748F78816F}.Debug|Any CPU.ActiveCfg = Debug|Any CPU
		{56204B37-D6B0-42F7-B5D1-25748F78816F}.Debug|Any CPU.Build.0 = Debug|Any CPU
		{56204B37-D6B0-42F7-B5D1-25748F78816F}.Release|Any CPU.ActiveCfg = Release|Any CPU
		{56204B37-D6B0-42F7-B5D1-25748F78816F}.Release|Any CPU.Build.0 = Release|Any CPU
	EndGlobalSection
	GlobalSection(SolutionProperties) = preSolution
		HideSolutionNode = FALSE
	EndGlobalSection
	GlobalSection(ExtensibilityGlobals) = postSolution
		SolutionGuid = {1456015D-6C83-4889-8583-EFD53A35BBF6}
	EndGlobalSection
EndGlobal
